// !$*UTF8*$!
{
	archiveVersion = 1;
	classes = {
	};
	objectVersion = 77;
	objects = {

/* Begin PBXBuildFile section */
		DB2D25892FE41FDC00B2367C /* FirebaseAI in Frameworks */ = {isa = PBXBuildFile; productRef = DB2D25882FE41FDC00B2367C /* FirebaseAI */; };
		DB2D258B2FE41FDC00B2367C /* FirebaseAILogic in Frameworks */ = {isa = PBXBuildFile; productRef = DB2D258A2FE41FDC00B2367C /* FirebaseAILogic */; };
		DB2D258D2FE41FDC00B2367C /* FirebaseAnalytics in Frameworks */ = {isa = PBXBuildFile; productRef = DB2D258C2FE41FDC00B2367C /* FirebaseAnalytics */; };
		DB2D258F2FE41FDC00B2367C /* FirebaseAnalyticsCore in Frameworks */ = {isa = PBXBuildFile; productRef = DB2D258E2FE41FDC00B2367C /* FirebaseAnalyticsCore */; };
		DB2D25912FE41FDC00B2367C /* FirebaseAnalyticsIdentitySupport in Frameworks */ = {isa = PBXBuildFile; productRef = DB2D25902FE41FDC00B2367C /* FirebaseAnalyticsIdentitySupport */; };
		DB2D25932FE41FDC00B2367C /* FirebaseAppCheck in Frameworks */ = {isa = PBXBuildFile; productRef = DB2D25922FE41FDC00B2367C /* FirebaseAppCheck */; };
		DB2D25952FE41FDC00B2367C /* FirebaseAppDistribution-Beta in Frameworks */ = {isa = PBXBuildFile; productRef = DB2D25942FE41FDC00B2367C /* FirebaseAppDistribution-Beta */; };
		DB2D25972FE41FDC00B2367C /* FirebaseAuth in Frameworks */ = {isa = PBXBuildFile; productRef = DB2D25962FE41FDC00B2367C /* FirebaseAuth */; };
		DB2D25992FE41FDC00B2367C /* FirebaseAuthCombine-Community in Frameworks */ = {isa = PBXBuildFile; productRef = DB2D25982FE41FDC00B2367C /* FirebaseAuthCombine-Community */; };
		DB2D259B2FE41FDC00B2367C /* FirebaseCore in Frameworks */ = {isa = PBXBuildFile; productRef = DB2D259A2FE41FDC00B2367C /* FirebaseCore */; };
		DB2D259D2FE41FDC00B2367C /* FirebaseCrashlytics in Frameworks */ = {isa = PBXBuildFile; productRef = DB2D259C2FE41FDC00B2367C /* FirebaseCrashlytics */; };
		DB2D259F2FE41FDC00B2367C /* FirebaseDatabase in Frameworks */ = {isa = PBXBuildFile; productRef = DB2D259E2FE41FDC00B2367C /* FirebaseDatabase */; };
		DB2D25A12FE41FDC00B2367C /* FirebaseFirestore in Frameworks */ = {isa = PBXBuildFile; productRef = DB2D25A02FE41FDC00B2367C /* FirebaseFirestore */; };
		DB2D25A32FE41FDC00B2367C /* FirebaseFirestoreCombine-Community in Frameworks */ = {isa = PBXBuildFile; productRef = DB2D25A22FE41FDC00B2367C /* FirebaseFirestoreCombine-Community */; };
		DB2D25A52FE41FDC00B2367C /* FirebaseFunctions in Frameworks */ = {isa = PBXBuildFile; productRef = DB2D25A42FE41FDC00B2367C /* FirebaseFunctions */; };
		DB2D25A72FE41FDC00B2367C /* FirebaseFunctionsCombine-Community in Frameworks */ = {isa = PBXBuildFile; productRef = DB2D25A62FE41FDC00B2367C /* FirebaseFunctionsCombine-Community */; };
		DB2D25A92FE41FDC00B2367C /* FirebaseInAppMessaging-Beta in Frameworks */ = {isa = PBXBuildFile; productRef = DB2D25A82FE41FDC00B2367C /* FirebaseInAppMessaging-Beta */; };
		DB2D25AB2FE41FDC00B2367C /* FirebaseInstallations in Frameworks */ = {isa = PBXBuildFile; productRef = DB2D25AA2FE41FDC00B2367C /* FirebaseInstallations */; };
		DB2D25AD2FE41FDC00B2367C /* FirebaseMLModelDownloader in Frameworks */ = {isa = PBXBuildFile; productRef = DB2D25AC2FE41FDC00B2367C /* FirebaseMLModelDownloader */; };
		DB2D25AF2FE41FDC00B2367C /* FirebaseMessaging in Frameworks */ = {isa = PBXBuildFile; productRef = DB2D25AE2FE41FDC00B2367C /* FirebaseMessaging */; };
		DB2D25B12FE41FDC00B2367C /* FirebasePerformance in Frameworks */ = {isa = PBXBuildFile; productRef = DB2D25B02FE41FDC00B2367C /* FirebasePerformance */; };
		DB2D25B32FE41FDC00B2367C /* FirebaseRemoteConfig in Frameworks */ = {isa = PBXBuildFile; productRef = DB2D25B22FE41FDC00B2367C /* FirebaseRemoteConfig */; };
		DB2D25B52FE41FDC00B2367C /* FirebaseStorage in Frameworks */ = {isa = PBXBuildFile; productRef = DB2D25B42FE41FDC00B2367C /* FirebaseStorage */; };
		DB2D25B72FE41FDC00B2367C /* FirebaseStorageCombine-Community in Frameworks */ = {isa = PBXBuildFile; productRef = DB2D25B62FE41FDC00B2367C /* FirebaseStorageCombine-Community */; };
		DB2D25F62FE4588000B2367C /* GoogleSignIn in Frameworks */ = {isa = PBXBuildFile; productRef = DB2D25F52FE4588000B2367C /* GoogleSignIn */; };
		DB2D25F82FE4588000B2367C /* GoogleSignInSwift in Frameworks */ = {isa = PBXBuildFile; productRef = DB2D25F72FE4588000B2367C /* GoogleSignInSwift */; };
/* End PBXBuildFile section */

/* Begin PBXFileReference section */
		DB2D24D32FE4123600B2367C /* Pet App.app */ = {isa = PBXFileReference; explicitFileType = wrapper.application; includeInIndex = 0; path = "Pet App.app"; sourceTree = BUILT_PRODUCTS_DIR; };
/* End PBXFileReference section */

/* Begin PBXFileSystemSynchronizedBuildFileExceptionSet section */
		DBCD61D12FDFEB8500791619 /* Exceptions for "Pet App" folder in "Pet App" target */ = {
			isa = PBXFileSystemSynchronizedBuildFileExceptionSet;
			membershipExceptions = (
				Info.plist,
			);
			target = DBCD60732FDFDC7A00791619 /* Pet App */;
		};
/* End PBXFileSystemSynchronizedBuildFileExceptionSet section */

/* Begin PBXFileSystemSynchronizedRootGroup section */
		DBCD613F2FDFDE2200791619 /* Pet App */ = {
			isa = PBXFileSystemSynchronizedRootGroup;
			exceptions = (
				DBCD61D12FDFEB8500791619 /* Exceptions for "Pet App" folder in "Pet App" target */,
			);
			path = "Pet App";
			sourceTree = "<group>";
		};
/* End PBXFileSystemSynchronizedRootGroup section */

/* Begin PBXFrameworksBuildPhase section */
		DBCD60712FDFDC7A00791619 /* Frameworks */ = {
			isa = PBXFrameworksBuildPhase;
			buildActionMask = 2147483647;
			files = (
				DB2D25952FE41FDC00B2367C /* FirebaseAppDistribution-Beta in Frameworks */,
				DB2D25A12FE41FDC00B2367C /* FirebaseFirestore in Frameworks */,
				DB2D25992FE41FDC00B2367C /* FirebaseAuthCombine-Community in Frameworks */,
				DB2D25AB2FE41FDC00B2367C /* FirebaseInstallations in Frameworks */,
				DB2D258B2FE41FDC00B2367C /* FirebaseAILogic in Frameworks */,
				DB2D25F82FE4588000B2367C /* GoogleSignInSwift in Frameworks */,
				DB2D25912FE41FDC00B2367C /* FirebaseAnalyticsIdentitySupport in Frameworks */,
				DB2D25A92FE41FDC00B2367C /* FirebaseInAppMessaging-Beta in Frameworks */,
				DB2D25892FE41FDC00B2367C /* FirebaseAI in Frameworks */,
				DB2D259D2FE41FDC00B2367C /* FirebaseCrashlytics in Frameworks */,
				DB2D25A72FE41FDC00B2367C /* FirebaseFunctionsCombine-Community in Frameworks */,
				DB2D25B72FE41FDC00B2367C /* FirebaseStorageCombine-Community in Frameworks */,
				DB2D259F2FE41FDC00B2367C /* FirebaseDatabase in Frameworks */,
				DB2D25B52FE41FDC00B2367C /* FirebaseStorage in Frameworks */,
				DB2D25B32FE41FDC00B2367C /* FirebaseRemoteConfig in Frameworks */,
				DB2D258D2FE41FDC00B2367C /* FirebaseAnalytics in Frameworks */,
				DB2D25F62FE4588000B2367C /* GoogleSignIn in Frameworks */,
				DB2D25AF2FE41FDC00B2367C /* FirebaseMessaging in Frameworks */,
				DB2D25AD2FE41FDC00B2367C /* FirebaseMLModelDownloader in Frameworks */,
				DB2D25B12FE41FDC00B2367C /* FirebasePerformance in Frameworks */,
				DB2D259B2FE41FDC00B2367C /* FirebaseCore in Frameworks */,
				DB2D25932FE41FDC00B2367C /* FirebaseAppCheck in Frameworks */,
				DB2D258F2FE41FDC00B2367C /* FirebaseAnalyticsCore in Frameworks */,
				DB2D25A52FE41FDC00B2367C /* FirebaseFunctions in Frameworks */,
				DB2D25972FE41FDC00B2367C /* FirebaseAuth in Frameworks */,
				DB2D25A32FE41FDC00B2367C /* FirebaseFirestoreCombine-Community in Frameworks */,
			);
			runOnlyForDeploymentPostprocessing = 0;
		};
/* End PBXFrameworksBuildPhase section */

/* Begin PBXGroup section */
		DB2D25F32FE454F800B2367C /* Frameworks */ = {
			isa = PBXGroup;
			children = (
			);
			name = Frameworks;
			sourceTree = "<group>";
		};
		DBCD606B2FDFDC7A00791619 = {
			isa = PBXGroup;
			children = (
				DBCD613F2FDFDE2200791619 /* Pet App */,
				DB2D24D32FE4123600B2367C /* Pet App.app */,
				DB2D25F32FE454F800B2367C /* Frameworks */,
			);
			sourceTree = "<group>";
		};
/* End PBXGroup section */

/* Begin PBXNativeTarget section */
		DBCD60732FDFDC7A00791619 /* Pet App */ = {
			isa = PBXNativeTarget;
			buildConfigurationList = DBCD60872FDFDC7A00791619 /* Build configuration list for PBXNativeTarget "Pet App" */;
			buildPhases = (
				DBCD60702FDFDC7A00791619 /* Sources */,
				DBCD60712FDFDC7A00791619 /* Frameworks */,
				DBCD60722FDFDC7A00791619 /* Resources */,
				DB2D25B82FE4384000B2367C /* ShellScript */,
			);
			buildRules = (
			);
			dependencies = (
			);
			fileSystemSynchronizedGroups = (
				DBCD613F2FDFDE2200791619 /* Pet App */,
			);
			name = "Pet App";
			packageProductDependencies = (
				DB2D25882FE41FDC00B2367C /* FirebaseAI */,
				DB2D258A2FE41FDC00B2367C /* FirebaseAILogic */,
				DB2D258C2FE41FDC00B2367C /* FirebaseAnalytics */,
				DB2D258E2FE41FDC00B2367C /* FirebaseAnalyticsCore */,
				DB2D25902FE41FDC00B2367C /* FirebaseAnalyticsIdentitySupport */,
				DB2D25922FE41FDC00B2367C /* FirebaseAppCheck */,
				DB2D25942FE41FDC00B2367C /* FirebaseAppDistribution-Beta */,
				DB2D25962FE41FDC00B2367C /* FirebaseAuth */,
				DB2D25982FE41FDC00B2367C /* FirebaseAuthCombine-Community */,
				DB2D259A2FE41FDC00B2367C /* FirebaseCore */,
				DB2D259C2FE41FDC00B2367C /* FirebaseCrashlytics */,
				DB2D259E2FE41FDC00B2367C /* FirebaseDatabase */,
				DB2D25A02FE41FDC00B2367C /* FirebaseFirestore */,
				DB2D25A22FE41FDC00B2367C /* FirebaseFirestoreCombine-Community */,
				DB2D25A42FE41FDC00B2367C /* FirebaseFunctions */,
				DB2D25A62FE41FDC00B2367C /* FirebaseFunctionsCombine-Community */,
				DB2D25A82FE41FDC00B2367C /* FirebaseInAppMessaging-Beta */,
				DB2D25AA2FE41FDC00B2367C /* FirebaseInstallations */,
				DB2D25AC2FE41FDC00B2367C /* FirebaseMLModelDownloader */,
				DB2D25AE2FE41FDC00B2367C /* FirebaseMessaging */,
				DB2D25B02FE41FDC00B2367C /* FirebasePerformance */,
				DB2D25B22FE41FDC00B2367C /* FirebaseRemoteConfig */,
				DB2D25B42FE41FDC00B2367C /* FirebaseStorage */,
				DB2D25B62FE41FDC00B2367C /* FirebaseStorageCombine-Community */,
				DB2D25F52FE4588000B2367C /* GoogleSignIn */,
				DB2D25F72FE4588000B2367C /* GoogleSignInSwift */,
			);
			productName = "Pet App";
			productReference = DB2D24D32FE4123600B2367C /* Pet App.app */;
			productType = "com.apple.product-type.application";
		};
/* End PBXNativeTarget section */

/* Begin PBXProject section */
		DBCD606C2FDFDC7A00791619 /* Project object */ = {
			isa = PBXProject;
			attributes = {
				BuildIndependentTargetsInParallel = 1;
				LastSwiftUpdateCheck = 2630;
				LastUpgradeCheck = 2630;
				TargetAttributes = {
					DBCD60732FDFDC7A00791619 = {
						CreatedOnToolsVersion = 26.3;
					};
				};
			};
			buildConfigurationList = DBCD606F2FDFDC7A00791619 /* Build configuration list for PBXProject "Pet App" */;
			developmentRegion = en;
			hasScannedForEncodings = 0;
			knownRegions = (
				en,
				Base,
			);
			mainGroup = DBCD606B2FDFDC7A00791619;
			minimizedProjectReferenceProxies = 1;
			packageReferences = (
				DB2D25872FE41FDC00B2367C /* XCRemoteSwiftPackageReference "firebase-ios-sdk" */,
				DB2D25F42FE4588000B2367C /* XCRemoteSwiftPackageReference "GoogleSignIn-iOS" */,
			);
			preferredProjectObjectVersion = 77;
			productRefGroup = DBCD606B2FDFDC7A00791619;
			projectDirPath = "";
			projectRoot = "";
			targets = (
				DBCD60732FDFDC7A00791619 /* Pet App */,
			);
		};
/* End PBXProject section */

/* Begin PBXResourcesBuildPhase section */
		DBCD60722FDFDC7A00791619 /* Resources */ = {
			isa = PBXResourcesBuildPhase;
			buildActionMask = 2147483647;
			files = (
			);
			runOnlyForDeploymentPostprocessing = 0;
		};
/* End PBXResourcesBuildPhase section */

/* Begin PBXShellScriptBuildPhase section */
		DB2D25B82FE4384000B2367C /* ShellScript */ = {
			isa = PBXShellScriptBuildPhase;
			buildActionMask = 2147483647;
			files = (
			);
			inputFileListPaths = (
			);
			inputPaths = (
				"${DWARF_DSYM_FOLDER_PATH}/${DWARF_DSYM_FILE_NAME}",
				"${DWARF_DSYM_FOLDER_PATH}/${DWARF_DSYM_FILE_NAME}/Contents/Resources/DWARF/${PRODUCT_NAME}",
				"${DWARF_DSYM_FOLDER_PATH}/${DWARF_DSYM_FILE_NAME}/Contents/Info.plist",
				"$(TARGET_BUILD_DIR)/$(UNLOCALIZED_RESOURCES_FOLDER_PATH)/GoogleService-Info.plist",
				"$(TARGET_BUILD_DIR)/$(EXECUTABLE_PATH)",
			);
			outputFileListPaths = (
			);
			outputPaths = (
			);
			runOnlyForDeploymentPostprocessing = 0;
			shellPath = /bin/sh;
			shellScript = "\"${BUILD_DIR%/Build/*}/SourcePackages/checkouts/firebase-ios-sdk/Crashlytics/run\"\n";
		};
/* End PBXShellScriptBuildPhase section */

/* Begin PBXSourcesBuildPhase section */
		DBCD60702FDFDC7A00791619 /* Sources */ = {
			isa = PBXSourcesBuildPhase;
			buildActionMask = 2147483647;
			files = (
			);
			runOnlyForDeploymentPostprocessing = 0;
		};
/* End PBXSourcesBuildPhase section */

/* Begin XCBuildConfiguration section */
		DBCD60882FDFDC7A00791619 /* Debug */ = {
			isa = XCBuildConfiguration;
			buildSettings = {
				ASSETCATALOG_COMPILER_APPICON_NAME = AppIcon;
				ASSETCATALOG_COMPILER_GLOBAL_ACCENT_COLOR_NAME = AccentColor;
				CODE_SIGN_STYLE = Automatic;
				CURRENT_PROJECT_VERSION = 1;
				DEBUG_INFORMATION_FORMAT = "dwarf-with-dsym";
				DEVELOPMENT_TEAM = BAAQHMWWG9;
				GENERATE_INFOPLIST_FILE = YES;
				INFOPLIST_FILE = "Pet App/Info.plist";
				INFOPLIST_KEY_UIApplicationSupportsIndirectInputEvents = YES;
				INFOPLIST_KEY_UILaunchStoryboardName = LaunchScreen;
				INFOPLIST_KEY_UISupportedInterfaceOrientations_iPad = "UIInterfaceOrientationPortrait UIInterfaceOrientationPortraitUpsideDown UIInterfaceOrientationLandscapeLeft UIInterfaceOrientationLandscapeRight";
				INFOPLIST_KEY_UISupportedInterfaceOrientations_iPhone = "UIInterfaceOrientationPortrait UIInterfaceOrientationLandscapeLeft UIInterfaceOrientationLandscapeRight";
				IPHONEOS_DEPLOYMENT_TARGET = 18.6;
				LD_RUNPATH_SEARCH_PATHS = (
					"$(inherited)",
					"@executable_path/Frameworks",
				);
				MARKETING_VERSION = 1.0;
				"OTHER_LDFLAGS[arch=*]" = "-ObjC";
				PRODUCT_BUNDLE_IDENTIFIER = "co.margarita.Pet-App";
				PRODUCT_NAME = "$(TARGET_NAME)";
				STRING_CATALOG_GENERATE_SYMBOLS = YES;
				SWIFT_APPROACHABLE_CONCURRENCY = YES;
				SWIFT_DEFAULT_ACTOR_ISOLATION = MainActor;
				SWIFT_EMIT_LOC_STRINGS = YES;
				SWIFT_UPCOMING_FEATURE_MEMBER_IMPORT_VISIBILITY = YES;
				SWIFT_VERSION = 5.0;
				TARGETED_DEVICE_FAMILY = "1,2";
			};
			name = Debug;
		};
		DBCD60892FDFDC7A00791619 /* Release */ = {
			isa = XCBuildConfiguration;
			buildSettings = {
				ASSETCATALOG_COMPILER_APPICON_NAME = AppIcon;
				ASSETCATALOG_COMPILER_GLOBAL_ACCENT_COLOR_NAME = AccentColor;
				CODE_SIGN_STYLE = Automatic;
				CURRENT_PROJECT_VERSION = 1;
				DEVELOPMENT_TEAM = BAAQHMWWG9;
				GENERATE_INFOPLIST_FILE = YES;
				INFOPLIST_FILE = "Pet App/Info.plist";
				INFOPLIST_KEY_UIApplicationSupportsIndirectInputEvents = YES;
				INFOPLIST_KEY_UILaunchStoryboardName = LaunchScreen;
				INFOPLIST_KEY_UISupportedInterfaceOrientations_iPad = "UIInterfaceOrientationPortrait UIInterfaceOrientationPortraitUpsideDown UIInterfaceOrientationLandscapeLeft UIInterfaceOrientationLandscapeRight";
				INFOPLIST_KEY_UISupportedInterfaceOrientations_iPhone = "UIInterfaceOrientationPortrait UIInterfaceOrientationLandscapeLeft UIInterfaceOrientationLandscapeRight";
				IPHONEOS_DEPLOYMENT_TARGET = 18.6;
				LD_RUNPATH_SEARCH_PATHS = (
					"$(inherited)",
					"@executable_path/Frameworks",
				);
				MARKETING_VERSION = 1.0;
				"OTHER_LDFLAGS[arch=*]" = "-ObjC";
				PRODUCT_BUNDLE_IDENTIFIER = "co.margarita.Pet-App";
				PRODUCT_NAME = "$(TARGET_NAME)";
				STRING_CATALOG_GENERATE_SYMBOLS = YES;
				SWIFT_APPROACHABLE_CONCURRENCY = YES;
				SWIFT_DEFAULT_ACTOR_ISOLATION = MainActor;
				SWIFT_EMIT_LOC_STRINGS = YES;
				SWIFT_UPCOMING_FEATURE_MEMBER_IMPORT_VISIBILITY = YES;
				SWIFT_VERSION = 5.0;
				TARGETED_DEVICE_FAMILY = "1,2";
			};
			name = Release;
		};
		DBCD608A2FDFDC7A00791619 /* Debug */ = {
			isa = XCBuildConfiguration;
			buildSettings = {
				ALWAYS_SEARCH_USER_PATHS = NO;
				ASSETCATALOG_COMPILER_GENERATE_SWIFT_ASSET_SYMBOL_EXTENSIONS = YES;
				CLANG_ANALYZER_NONNULL = YES;
				CLANG_ANALYZER_NUMBER_OBJECT_CONVERSION = YES_AGGRESSIVE;
				CLANG_CXX_LANGUAGE_STANDARD = "gnu++20";
				CLANG_ENABLE_MODULES = YES;
				CLANG_ENABLE_OBJC_ARC = YES;
				CLANG_ENABLE_OBJC_WEAK = YES;
				CLANG_WARN_BLOCK_CAPTURE_AUTORELEASING = YES;
				CLANG_WARN_BOOL_CONVERSION = YES;
				CLANG_WARN_COMMA = YES;
				CLANG_WARN_CONSTANT_CONVERSION = YES;
				CLANG_WARN_DEPRECATED_OBJC_IMPLEMENTATIONS = YES;
				CLANG_WARN_DIRECT_OBJC_ISA_USAGE = YES_ERROR;
				CLANG_WARN_DOCUMENTATION_COMMENTS = YES;
				CLANG_WARN_EMPTY_BODY = YES;
				CLANG_WARN_ENUM_CONVERSION = YES;
				CLANG_WARN_INFINITE_RECURSION = YES;
				CLANG_WARN_INT_CONVERSION = YES;
				CLANG_WARN_NON_LITERAL_NULL_CONVERSION = YES;
				CLANG_WARN_OBJC_IMPLICIT_RETAIN_SELF = YES;
				CLANG_WARN_OBJC_LITERAL_CONVERSION = YES;
				CLANG_WARN_OBJC_ROOT_CLASS = YES_ERROR;
				CLANG_WARN_QUOTED_INCLUDE_IN_FRAMEWORK_HEADER = YES;
				CLANG_WARN_RANGE_LOOP_ANALYSIS = YES;
				CLANG_WARN_STRICT_PROTOTYPES = YES;
				CLANG_WARN_SUSPICIOUS_MOVE = YES;
				CLANG_WARN_UNGUARDED_AVAILABILITY = YES_AGGRESSIVE;
				CLANG_WARN_UNREACHABLE_CODE = YES;
				CLANG_WARN__DUPLICATE_METHOD_MATCH = YES;
				COPY_PHASE_STRIP = NO;
				DEBUG_INFORMATION_FORMAT = dwarf;
				DEVELOPMENT_TEAM = BAAQHMWWG9;
				ENABLE_STRICT_OBJC_MSGSEND = YES;
				ENABLE_TESTABILITY = YES;
				ENABLE_USER_SCRIPT_SANDBOXING = YES;
				GCC_C_LANGUAGE_STANDARD = gnu17;
				GCC_DYNAMIC_NO_PIC = NO;
				GCC_NO_COMMON_BLOCKS = YES;
				GCC_OPTIMIZATION_LEVEL = 0;
				GCC_PREPROCESSOR_DEFINITIONS = (
					"DEBUG=1",
					"$(inherited)",
				);
				GCC_WARN_64_TO_32_BIT_CONVERSION = YES;
				GCC_WARN_ABOUT_RETURN_TYPE = YES_ERROR;
				GCC_WARN_UNDECLARED_SELECTOR = YES;
				GCC_WARN_UNINITIALIZED_AUTOS = YES_AGGRESSIVE;
				GCC_WARN_UNUSED_FUNCTION = YES;
				GCC_WARN_UNUSED_VARIABLE = YES;
				IPHONEOS_DEPLOYMENT_TARGET = 26.2;
				LOCALIZATION_PREFERS_STRING_CATALOGS = YES;
				MTL_ENABLE_DEBUG_INFO = INCLUDE_SOURCE;
				MTL_FAST_MATH = YES;
				ONLY_ACTIVE_ARCH = YES;
				SDKROOT = iphoneos;
				SWIFT_ACTIVE_COMPILATION_CONDITIONS = "DEBUG $(inherited)";
				SWIFT_OPTIMIZATION_LEVEL = "-Onone";
			};
			name = Debug;
		};
		DBCD608B2FDFDC7A00791619 /* Release */ = {
			isa = XCBuildConfiguration;
			buildSettings = {
				ALWAYS_SEARCH_USER_PATHS = NO;
				ASSETCATALOG_COMPILER_GENERATE_SWIFT_ASSET_SYMBOL_EXTENSIONS = YES;
				CLANG_ANALYZER_NONNULL = YES;
				CLANG_ANALYZER_NUMBER_OBJECT_CONVERSION = YES_AGGRESSIVE;
				CLANG_CXX_LANGUAGE_STANDARD = "gnu++20";
				CLANG_ENABLE_MODULES = YES;
				CLANG_ENABLE_OBJC_ARC = YES;
				CLANG_ENABLE_OBJC_WEAK = YES;
				CLANG_WARN_BLOCK_CAPTURE_AUTORELEASING = YES;
				CLANG_WARN_BOOL_CONVERSION = YES;
				CLANG_WARN_COMMA = YES;
				CLANG_WARN_CONSTANT_CONVERSION = YES;
				CLANG_WARN_DEPRECATED_OBJC_IMPLEMENTATIONS = YES;
				CLANG_WARN_DIRECT_OBJC_ISA_USAGE = YES_ERROR;
				CLANG_WARN_DOCUMENTATION_COMMENTS = YES;
				CLANG_WARN_EMPTY_BODY = YES;
				CLANG_WARN_ENUM_CONVERSION = YES;
				CLANG_WARN_INFINITE_RECURSION = YES;
				CLANG_WARN_INT_CONVERSION = YES;
				CLANG_WARN_NON_LITERAL_NULL_CONVERSION = YES;
				CLANG_WARN_OBJC_IMPLICIT_RETAIN_SELF = YES;
				CLANG_WARN_OBJC_LITERAL_CONVERSION = YES;
				CLANG_WARN_OBJC_ROOT_CLASS = YES_ERROR;
				CLANG_WARN_QUOTED_INCLUDE_IN_FRAMEWORK_HEADER = YES;
				CLANG_WARN_RANGE_LOOP_ANALYSIS = YES;
				CLANG_WARN_STRICT_PROTOTYPES = YES;
				CLANG_WARN_SUSPICIOUS_MOVE = YES;
				CLANG_WARN_UNGUARDED_AVAILABILITY = YES_AGGRESSIVE;
				CLANG_WARN_UNREACHABLE_CODE = YES;
				CLANG_WARN__DUPLICATE_METHOD_MATCH = YES;
				COPY_PHASE_STRIP = NO;
				DEBUG_INFORMATION_FORMAT = "dwarf-with-dsym";
				DEVELOPMENT_TEAM = BAAQHMWWG9;
				ENABLE_NS_ASSERTIONS = NO;
				ENABLE_STRICT_OBJC_MSGSEND = YES;
				ENABLE_USER_SCRIPT_SANDBOXING = YES;
				GCC_C_LANGUAGE_STANDARD = gnu17;
				GCC_NO_COMMON_BLOCKS = YES;
				GCC_WARN_64_TO_32_BIT_CONVERSION = YES;
				GCC_WARN_ABOUT_RETURN_TYPE = YES_ERROR;
				GCC_WARN_UNDECLARED_SELECTOR = YES;
				GCC_WARN_UNINITIALIZED_AUTOS = YES_AGGRESSIVE;
				GCC_WARN_UNUSED_FUNCTION = YES;
				GCC_WARN_UNUSED_VARIABLE = YES;
				IPHONEOS_DEPLOYMENT_TARGET = 26.2;
				LOCALIZATION_PREFERS_STRING_CATALOGS = YES;
				MTL_ENABLE_DEBUG_INFO = NO;
				MTL_FAST_MATH = YES;
				SDKROOT = iphoneos;
				SWIFT_COMPILATION_MODE = wholemodule;
				VALIDATE_PRODUCT = YES;
			};
			name = Release;
		};
/* End XCBuildConfiguration section */

/* Begin XCConfigurationList section */
		DBCD606F2FDFDC7A00791619 /* Build configuration list for PBXProject "Pet App" */ = {
			isa = XCConfigurationList;
			buildConfigurations = (
				DBCD608A2FDFDC7A00791619 /* Debug */,
				DBCD608B2FDFDC7A00791619 /* Release */,
			);
			defaultConfigurationIsVisible = 0;
			defaultConfigurationName = Release;
		};
		DBCD60872FDFDC7A00791619 /* Build configuration list for PBXNativeTarget "Pet App" */ = {
			isa = XCConfigurationList;
			buildConfigurations = (
				DBCD60882FDFDC7A00791619 /* Debug */,
				DBCD60892FDFDC7A00791619 /* Release */,
			);
			defaultConfigurationIsVisible = 0;
			defaultConfigurationName = Release;
		};
/* End XCConfigurationList section */

/* Begin XCRemoteSwiftPackageReference section */
		DB2D25872FE41FDC00B2367C /* XCRemoteSwiftPackageReference "firebase-ios-sdk" */ = {
			isa = XCRemoteSwiftPackageReference;
			repositoryURL = "https://github.com/firebase/firebase-ios-sdk";
			requirement = {
				kind = upToNextMajorVersion;
				minimumVersion = 12.15.0;
			};
		};
		DB2D25F42FE4588000B2367C /* XCRemoteSwiftPackageReference "GoogleSignIn-iOS" */ = {
			isa = XCRemoteSwiftPackageReference;
			repositoryURL = "https://github.com/google/GoogleSignIn-iOS";
			requirement = {
				kind = upToNextMajorVersion;
				minimumVersion = 9.2.0;
			};
		};
/* End XCRemoteSwiftPackageReference section */

/* Begin XCSwiftPackageProductDependency section */
		DB2D25882FE41FDC00B2367C /* FirebaseAI */ = {
			isa = XCSwiftPackageProductDependency;
			package = DB2D25872FE41FDC00B2367C /* XCRemoteSwiftPackageReference "firebase-ios-sdk" */;
			productName = FirebaseAI;
		};
		DB2D258A2FE41FDC00B2367C /* FirebaseAILogic */ = {
			isa = XCSwiftPackageProductDependency;
			package = DB2D25872FE41FDC00B2367C /* XCRemoteSwiftPackageReference "firebase-ios-sdk" */;
			productName = FirebaseAILogic;
		};
		DB2D258C2FE41FDC00B2367C /* FirebaseAnalytics */ = {
			isa = XCSwiftPackageProductDependency;
			package = DB2D25872FE41FDC00B2367C /* XCRemoteSwiftPackageReference "firebase-ios-sdk" */;
			productName = FirebaseAnalytics;
		};
		DB2D258E2FE41FDC00B2367C /* FirebaseAnalyticsCore */ = {
			isa = XCSwiftPackageProductDependency;
			package = DB2D25872FE41FDC00B2367C /* XCRemoteSwiftPackageReference "firebase-ios-sdk" */;
			productName = FirebaseAnalyticsCore;
		};
		DB2D25902FE41FDC00B2367C /* FirebaseAnalyticsIdentitySupport */ = {
			isa = XCSwiftPackageProductDependency;
			package = DB2D25872FE41FDC00B2367C /* XCRemoteSwiftPackageReference "firebase-ios-sdk" */;
			productName = FirebaseAnalyticsIdentitySupport;
		};
		DB2D25922FE41FDC00B2367C /* FirebaseAppCheck */ = {
			isa = XCSwiftPackageProductDependency;
			package = DB2D25872FE41FDC00B2367C /* XCRemoteSwiftPackageReference "firebase-ios-sdk" */;
			productName = FirebaseAppCheck;
		};
		DB2D25942FE41FDC00B2367C /* FirebaseAppDistribution-Beta */ = {
			isa = XCSwiftPackageProductDependency;
			package = DB2D25872FE41FDC00B2367C /* XCRemoteSwiftPackageReference "firebase-ios-sdk" */;
			productName = "FirebaseAppDistribution-Beta";
		};
		DB2D25962FE41FDC00B2367C /* FirebaseAuth */ = {
			isa = XCSwiftPackageProductDependency;
			package = DB2D25872FE41FDC00B2367C /* XCRemoteSwiftPackageReference "firebase-ios-sdk" */;
			productName = FirebaseAuth;
		};
		DB2D25982FE41FDC00B2367C /* FirebaseAuthCombine-Community */ = {
			isa = XCSwiftPackageProductDependency;
			package = DB2D25872FE41FDC00B2367C /* XCRemoteSwiftPackageReference "firebase-ios-sdk" */;
			productName = "FirebaseAuthCombine-Community";
		};
		DB2D259A2FE41FDC00B2367C /* FirebaseCore */ = {
			isa = XCSwiftPackageProductDependency;
			package = DB2D25872FE41FDC00B2367C /* XCRemoteSwiftPackageReference "firebase-ios-sdk" */;
			productName = FirebaseCore;
		};
		DB2D259C2FE41FDC00B2367C /* FirebaseCrashlytics */ = {
			isa = XCSwiftPackageProductDependency;
			package = DB2D25872FE41FDC00B2367C /* XCRemoteSwiftPackageReference "firebase-ios-sdk" */;
			productName = FirebaseCrashlytics;
		};
		DB2D259E2FE41FDC00B2367C /* FirebaseDatabase */ = {
			isa = XCSwiftPackageProductDependency;
			package = DB2D25872FE41FDC00B2367C /* XCRemoteSwiftPackageReference "firebase-ios-sdk" */;
			productName = FirebaseDatabase;
		};
		DB2D25A02FE41FDC00B2367C /* FirebaseFirestore */ = {
			isa = XCSwiftPackageProductDependency;
			package = DB2D25872FE41FDC00B2367C /* XCRemoteSwiftPackageReference "firebase-ios-sdk" */;
			productName = FirebaseFirestore;
		};
		DB2D25A22FE41FDC00B2367C /* FirebaseFirestoreCombine-Community */ = {
			isa = XCSwiftPackageProductDependency;
			package = DB2D25872FE41FDC00B2367C /* XCRemoteSwiftPackageReference "firebase-ios-sdk" */;
			productName = "FirebaseFirestoreCombine-Community";
		};
		DB2D25A42FE41FDC00B2367C /* FirebaseFunctions */ = {
			isa = XCSwiftPackageProductDependency;
			package = DB2D25872FE41FDC00B2367C /* XCRemoteSwiftPackageReference "firebase-ios-sdk" */;
			productName = FirebaseFunctions;
		};
		DB2D25A62FE41FDC00B2367C /* FirebaseFunctionsCombine-Community */ = {
			isa = XCSwiftPackageProductDependency;
			package = DB2D25872FE41FDC00B2367C /* XCRemoteSwiftPackageReference "firebase-ios-sdk" */;
			productName = "FirebaseFunctionsCombine-Community";
		};
		DB2D25A82FE41FDC00B2367C /* FirebaseInAppMessaging-Beta */ = {
			isa = XCSwiftPackageProductDependency;
			package = DB2D25872FE41FDC00B2367C /* XCRemoteSwiftPackageReference "firebase-ios-sdk" */;
			productName = "FirebaseInAppMessaging-Beta";
		};
		DB2D25AA2FE41FDC00B2367C /* FirebaseInstallations */ = {
			isa = XCSwiftPackageProductDependency;
			package = DB2D25872FE41FDC00B2367C /* XCRemoteSwiftPackageReference "firebase-ios-sdk" */;
			productName = FirebaseInstallations;
		};
		DB2D25AC2FE41FDC00B2367C /* FirebaseMLModelDownloader */ = {
			isa = XCSwiftPackageProductDependency;
			package = DB2D25872FE41FDC00B2367C /* XCRemoteSwiftPackageReference "firebase-ios-sdk" */;
			productName = FirebaseMLModelDownloader;
		};
		DB2D25AE2FE41FDC00B2367C /* FirebaseMessaging */ = {
			isa = XCSwiftPackageProductDependency;
			package = DB2D25872FE41FDC00B2367C /* XCRemoteSwiftPackageReference "firebase-ios-sdk" */;
			productName = FirebaseMessaging;
		};
		DB2D25B02FE41FDC00B2367C /* FirebasePerformance */ = {
			isa = XCSwiftPackageProductDependency;
			package = DB2D25872FE41FDC00B2367C /* XCRemoteSwiftPackageReference "firebase-ios-sdk" */;
			productName = FirebasePerformance;
		};
		DB2D25B22FE41FDC00B2367C /* FirebaseRemoteConfig */ = {
			isa = XCSwiftPackageProductDependency;
			package = DB2D25872FE41FDC00B2367C /* XCRemoteSwiftPackageReference "firebase-ios-sdk" */;
			productName = FirebaseRemoteConfig;
		};
		DB2D25B42FE41FDC00B2367C /* FirebaseStorage */ = {
			isa = XCSwiftPackageProductDependency;
			package = DB2D25872FE41FDC00B2367C /* XCRemoteSwiftPackageReference "firebase-ios-sdk" */;
			productName = FirebaseStorage;
		};
		DB2D25B62FE41FDC00B2367C /* FirebaseStorageCombine-Community */ = {
			isa = XCSwiftPackageProductDependency;
			package = DB2D25872FE41FDC00B2367C /* XCRemoteSwiftPackageReference "firebase-ios-sdk" */;
			productName = "FirebaseStorageCombine-Community";
		};
		DB2D25F52FE4588000B2367C /* GoogleSignIn */ = {
			isa = XCSwiftPackageProductDependency;
			package = DB2D25F42FE4588000B2367C /* XCRemoteSwiftPackageReference "GoogleSignIn-iOS" */;
			productName = GoogleSignIn;
		};
		DB2D25F72FE4588000B2367C /* GoogleSignInSwift */ = {
			isa = XCSwiftPackageProductDependency;
			package = DB2D25F42FE4588000B2367C /* XCRemoteSwiftPackageReference "GoogleSignIn-iOS" */;
			productName = GoogleSignInSwift;
		};
/* End XCSwiftPackageProductDependency section */
	};
	rootObject = DBCD606C2FDFDC7A00791619 /* Project object */;
}
